
Microsoft Visual Studio Solution File, Format Version 12.00
# Visual Studio Version 16
VisualStudioVersion = 16.0.31624.102
MinimumVisualStudioVersion = 10.0.40219.1
Project("{FAE04EC0-301F-11D3-BF4B-00C04F79EFBC}") = "DAL", "DAL\DAL.csproj", "{AD097753-8E8E-4CD6-A7F1-B7A96ADEBDA6}"
EndProject
Project("{FAE04EC0-301F-11D3-BF4B-00C04F79EFBC}") = "Entities", "Entities\Entities.csproj", "{0F3C9884-B3CE-4701-BC0D-4658D9E7DDEB}"
EndProject
Global
	GlobalSection(SolutionConfigurationPlatforms) = preSolution
		Debug|Any CPU = Debug|Any CPU
		Release|Any CPU = Release|Any CPU
	EndGlobalSection
	GlobalSection(ProjectConfigurationPlatforms) = postSolution
		{AD097753-8E8E-4CD6-A7F1-B7A96ADEBDA6}.Debug|Any CPU.ActiveCfg = Debug|Any CPU
		{AD097753-8E8E-4CD6-A7F1-B7A96ADEBDA6}.Debug|Any CPU.Build.0 = Debug|Any CPU
		{AD097753-8E8E-4CD6-A7F1-B7A96ADEBDA6}.Release|Any CPU.ActiveCfg = Release|Any CPU
		{AD097753-8E8E-4CD6-A7F1-B7A96ADEBDA6}.Release|Any CPU.Build.0 = Release|Any CPU
		{0F3C9884-B3CE-4701-BC0D-4658D9E7DDEB}.Debug|Any CPU.ActiveCfg = Debug|Any CPU
		{0F3C9884-B3CE-4701-BC0D-4658D9E7DDEB}.Debug|Any CPU.Build.0 = Debug|Any CPU
		{0F3C9884-B3CE-4701-BC0D-4658D9E7DDEB}.Release|Any CPU.ActiveCfg = Release|Any CPU
		{0F3C9884-B3CE-4701-BC0D-4658D9E7DDEB}.Release|Any CPU.Build.0 = Release|Any CPU
	EndGlobalSection
	GlobalSection(SolutionProperties) = preSolution
		HideSolutionNode = FALSE
	EndGlobalSection
	GlobalSection(ExtensibilityGlobals) = postSolution
		SolutionGuid = {F9C5C424-A4DB-4BCE-B0DC-A8D8D8C40569}
	EndGlobalSection
EndGlobal
